
Microsoft Visual Studio Solution File, Format Version 12.00
# Visual Studio 15
VisualStudioVersion = 15.0.27428.2005
MinimumVisualStudioVersion = 10.0.40219.1
Project("{FAE04EC0-301F-11D3-BF4B-00C04F79EFBC}") = "MoqExample", "MoqExample\MoqExample.csproj", "{2B377773-0CCE-480D-9C56-147044D4BF93}"
EndProject
Project("{FAE04EC0-301F-11D3-BF4B-00C04F79EFBC}") = "UnitTestProject1", "UnitTestProject1\UnitTestProject1.csproj", "{E3C8C273-0AD5-4EDA-B625-A8D150EF960A}"
EndProject
Global
	GlobalSection(SolutionConfigurationPlatforms) = preSolution
		Debug|Any CPU = Debug|Any CPU
		Release|Any CPU = Release|Any CPU
	EndGlobalSection
	GlobalSection(ProjectConfigurationPlatforms) = postSolution
		{2B377773-0CCE-480D-9C56-147044D4BF93}.Debug|Any CPU.ActiveCfg = Debug|Any CPU
		{2B377773-0CCE-480D-9C56-147044D4BF93}.Debug|Any CPU.Build.0 = Debug|Any CPU
		{2B377773-0CCE-480D-9C56-147044D4BF93}.Release|Any CPU.ActiveCfg = Release|Any CPU
		{2B377773-0CCE-480D-9C56-147044D4BF93}.Release|Any CPU.Build.0 = Release|Any CPU
		{E3C8C273-0AD5-4EDA-B625-A8D150EF960A}.Debug|Any CPU.ActiveCfg = Debug|Any CPU
		{E3C8C273-0AD5-4EDA-B625-A8D150EF960A}.Debug|Any CPU.Build.0 = Debug|Any CPU
		{E3C8C273-0AD5-4EDA-B625-A8D150EF960A}.Release|Any CPU.ActiveCfg = Release|Any CPU
		{E3C8C273-0AD5-4EDA-B625-A8D150EF960A}.Release|Any CPU.Build.0 = Release|Any CPU
	EndGlobalSection
	GlobalSection(SolutionProperties) = preSolution
		HideSolutionNode = FALSE
	EndGlobalSection
	GlobalSection(ExtensibilityGlobals) = postSolution
		SolutionGuid = {0A2BD015-F993-4141-B83A-DE980557E60E}
	EndGlobalSection
EndGlobal
